
Microsoft Visual Studio Solution File, Format Version 12.00
# Visual Studio Version 17
VisualStudioVersion = 17.2.32526.322
MinimumVisualStudioVersion = 10.0.40219.1
Project("{FAE04EC0-301F-11D3-BF4B-00C04F79EFBC}") = "EncrytDecrypt", "EncrytDecrypt\EncrytDecrypt.csproj", "{2BBAA1CE-DD32-4001-8BE8-EFE3A87412A8}"
EndProject
Global
	GlobalSection(SolutionConfigurationPlatforms) = preSolution
		Debug|Any CPU = Debug|Any CPU
		Release|Any CPU = Release|Any CPU
	EndGlobalSection
	GlobalSection(ProjectConfigurationPlatforms) = postSolution
		{2BBAA1CE-DD32-4001-8BE8-EFE3A87412A8}.Debug|Any CPU.ActiveCfg = Debug|Any CPU
		{2BBAA1CE-DD32-4001-8BE8-EFE3A87412A8}.Debug|Any CPU.Build.0 = Debug|Any CPU
		{2BBAA1CE-DD32-4001-8BE8-EFE3A87412A8}.Release|Any CPU.ActiveCfg = Release|Any CPU
		{2BBAA1CE-DD32-4001-8BE8-EFE3A87412A8}.Release|Any CPU.Build.0 = Release|Any CPU
	EndGlobalSection
	GlobalSection(SolutionProperties) = preSolution
		HideSolutionNode = FALSE
	EndGlobalSection
	GlobalSection(ExtensibilityGlobals) = postSolution
		SolutionGuid = {BB48ABE5-9BB6-4366-8FA9-AD0477D0B2FE}
	EndGlobalSection
EndGlobal
