
Microsoft Visual Studio Solution File, Format Version 12.00
# Visual Studio Version 17
VisualStudioVersion = 17.2.32526.322
MinimumVisualStudioVersion = 10.0.40219.1
Project("{FAE04EC0-301F-11D3-BF4B-00C04F79EFBC}") = "JsonSchemaValidate", "JsonSchemaValidate\JsonSchemaValidate.csproj", "{1226F4FC-00C7-46F5-A5F7-09F69B0E88D1}"
EndProject
Global
	GlobalSection(SolutionConfigurationPlatforms) = preSolution
		Debug|Any CPU = Debug|Any CPU
		Release|Any CPU = Release|Any CPU
	EndGlobalSection
	GlobalSection(ProjectConfigurationPlatforms) = postSolution
		{1226F4FC-00C7-46F5-A5F7-09F69B0E88D1}.Debug|Any CPU.ActiveCfg = Debug|Any CPU
		{1226F4FC-00C7-46F5-A5F7-09F69B0E88D1}.Debug|Any CPU.Build.0 = Debug|Any CPU
		{1226F4FC-00C7-46F5-A5F7-09F69B0E88D1}.Release|Any CPU.ActiveCfg = Release|Any CPU
		{1226F4FC-00C7-46F5-A5F7-09F69B0E88D1}.Release|Any CPU.Build.0 = Release|Any CPU
	EndGlobalSection
	GlobalSection(SolutionProperties) = preSolution
		HideSolutionNode = FALSE
	EndGlobalSection
	GlobalSection(ExtensibilityGlobals) = postSolution
		SolutionGuid = {255F76AE-6297-4C1D-A30A-3DC959858C5D}
	EndGlobalSection
EndGlobal
